dappco.re/go v0.12.0 h1:lotJop5nvhrIQ1J2L5IP37H72ihnQnIjNzFT0iMEfx0=
dappco.re/go v0.12.0/go.mod h1:xapr7fLK4/9Pu2iSCr4qZuIuatmtx1j56zS/oPDbGyQ=
dappco.re/go/i18n v0.12.1 h1:Pm1DF9I0O8bckTr815OrnR+G+7EvbQhP2Vk4ItC0mB4=
dappco.re/go/i18n v0.12.1/go.mod h1:AYx1QkPfW+qvzLCfJnuOlc4J+grwlgFzoHnoke4TAYg=
dappco.re/go/log v0.13.1 h1:sfrB1hrxODsCo0A8psIvBqDkQD2mpoQ8S5S72zO2KlI=
dappco.re/go/log v0.13.1/go.mod h1:FBMMEdmIvbXfvv3qOdW6acFnwMFgTw56csevEIELi/c=
github.com/clipperhouse/uax29/v2 v2.7.0 h1:+gs4oBZ2gPfVrKPthwbMzWZDaAFPGYK72F0NJv2v7Vk=
github.com/clipperhouse/uax29/v2 v2.7.0/go.mod h1:EFJ2TJMRUaplDxHKj1qAEhCtQPW2tJSwu5BF98AuoVM=
github.com/mattn/go-runewidth v0.0.21 h1:jJKAZiQH+2mIinzCJIaIG9Be1+0NR+5sz/lYEEjdM8w=
github.com/mattn/go-runewidth v0.0.21/go.mod h1:XBkDxAl56ILZc9knddidhrOlY5R/pDhgLpndooCuJAs=
golang.org/x/sys v0.43.0 h1:Rlag2XtaFTxp19wS8MXlJwTvoh8ArU6ezoyFsMyCTNI=
golang.org/x/sys v0.43.0/go.mod h1:4GL1E5IUh+htKOUEOaiffhrAeqysfVGipDYzABqnCmw=
golang.org/x/term v0.42.0 h1:UiKe+zDFmJobeJ5ggPwOshJIVt6/Ft0rcfrXZDLWAWY=
golang.org/x/term v0.42.0/go.mod h1:Dq/D+snpsbazcBG5+F9Q1n2rXV8Ma+71xEjTRufARgY=
golang.org/x/text v0.36.0 h1:JfKh3XmcRPqZPKevfXVpI1wXPTqbkE5f7JA92a55Yxg=
golang.org/x/text v0.36.0/go.mod h1:NIdBknypM8iqVmPiuco0Dh6P5Jcdk8lJL0CUebqK164=
